
Microsoft Visual Studio Solution File, Format Version 12.00
# Visual Studio Version 17
VisualStudioVersion = 17.2.32616.157
MinimumVisualStudioVersion = 10.0.40219.1
Project("{FAE04EC0-301F-11D3-BF4B-00C04F79EFBC}") = "FiguresLibrary", "FiguresLibrary\FiguresLibrary.csproj", "{F67C0EAD-C1F0-4FB2-B06A-27E5C2088648}"
EndProject
Project("{FAE04EC0-301F-11D3-BF4B-00C04F79EFBC}") = "UnitTestFigure", "UnitTestFigure\UnitTestFigure.csproj", "{0A8E4FD5-8E29-45D4-9BF0-202C1783082D}"
EndProject
Global
	GlobalSection(SolutionConfigurationPlatforms) = preSolution
		Debug|Any CPU = Debug|Any CPU
		Release|Any CPU = Release|Any CPU
	EndGlobalSection
	GlobalSection(ProjectConfigurationPlatforms) = postSolution
		{F67C0EAD-C1F0-4FB2-B06A-27E5C2088648}.Debug|Any CPU.ActiveCfg = Debug|Any CPU
		{F67C0EAD-C1F0-4FB2-B06A-27E5C2088648}.Debug|Any CPU.Build.0 = Debug|Any CPU
		{F67C0EAD-C1F0-4FB2-B06A-27E5C2088648}.Release|Any CPU.ActiveCfg = Release|Any CPU
		{F67C0EAD-C1F0-4FB2-B06A-27E5C2088648}.Release|Any CPU.Build.0 = Release|Any CPU
		{0A8E4FD5-8E29-45D4-9BF0-202C1783082D}.Debug|Any CPU.ActiveCfg = Debug|Any CPU
		{0A8E4FD5-8E29-45D4-9BF0-202C1783082D}.Debug|Any CPU.Build.0 = Debug|Any CPU
		{0A8E4FD5-8E29-45D4-9BF0-202C1783082D}.Release|Any CPU.ActiveCfg = Release|Any CPU
		{0A8E4FD5-8E29-45D4-9BF0-202C1783082D}.Release|Any CPU.Build.0 = Release|Any CPU
	EndGlobalSection
	GlobalSection(SolutionProperties) = preSolution
		HideSolutionNode = FALSE
	EndGlobalSection
	GlobalSection(ExtensibilityGlobals) = postSolution
		SolutionGuid = {7DE27276-32A7-41EA-B887-9D18BCEAEDDF}
	EndGlobalSection
EndGlobal
